
Microsoft Visual Studio Solution File, Format Version 12.00
# Visual Studio Version 16
VisualStudioVersion = 16.0.33130.400
MinimumVisualStudioVersion = 10.0.40219.1
Project("{00D1A9C2-B5F0-4AF3-8072-F6C62B433612}") = "sqldeployment", "sqldeployment\sqldeployment.sqlproj", "{BC867E12-2040-476D-B38F-E46C57F0681B}"
EndProject
Global
	GlobalSection(SolutionConfigurationPlatforms) = preSolution
		Debug|Any CPU = Debug|Any CPU
		Release|Any CPU = Release|Any CPU
	EndGlobalSection
	GlobalSection(ProjectConfigurationPlatforms) = postSolution
		{BC867E12-2040-476D-B38F-E46C57F0681B}.Debug|Any CPU.ActiveCfg = Debug|Any CPU
		{BC867E12-2040-476D-B38F-E46C57F0681B}.Debug|Any CPU.Build.0 = Debug|Any CPU
		{BC867E12-2040-476D-B38F-E46C57F0681B}.Debug|Any CPU.Deploy.0 = Debug|Any CPU
		{BC867E12-2040-476D-B38F-E46C57F0681B}.Release|Any CPU.ActiveCfg = Release|Any CPU
		{BC867E12-2040-476D-B38F-E46C57F0681B}.Release|Any CPU.Build.0 = Release|Any CPU
		{BC867E12-2040-476D-B38F-E46C57F0681B}.Release|Any CPU.Deploy.0 = Release|Any CPU
	EndGlobalSection
	GlobalSection(SolutionProperties) = preSolution
		HideSolutionNode = FALSE
	EndGlobalSection
	GlobalSection(ExtensibilityGlobals) = postSolution
		SolutionGuid = {36311971-FF2B-4DD9-9713-20C8B14F8F9D}
	EndGlobalSection
EndGlobal
